
Microsoft Visual Studio Solution File, Format Version 12.00
# Visual Studio Version 17
VisualStudioVersion = 17.6.33829.357
MinimumVisualStudioVersion = 10.0.40219.1
Project("{FAE04EC0-301F-11D3-BF4B-00C04F79EFBC}") = "extradosClase4", "extradosClase4\extradosClase4.csproj", "{A5679DED-7EA7-423C-990D-DC8258FB853E}"
EndProject
Project("{FAE04EC0-301F-11D3-BF4B-00C04F79EFBC}") = "AccesoBase", "AccesoBase\AccesoBase.csproj", "{5D4D66BD-B729-4069-AD1D-B162AE738B7F}"
EndProject
Project("{FAE04EC0-301F-11D3-BF4B-00C04F79EFBC}") = "Entidades", "Entidades\Entidades.csproj", "{AB42A85D-E372-451B-8C0D-42AFCFF651CF}"
EndProject
Global
	GlobalSection(SolutionConfigurationPlatforms) = preSolution
		Debug|Any CPU = Debug|Any CPU
		Release|Any CPU = Release|Any CPU
	EndGlobalSection
	GlobalSection(ProjectConfigurationPlatforms) = postSolution
		{A5679DED-7EA7-423C-990D-DC8258FB853E}.Debug|Any CPU.ActiveCfg = Debug|Any CPU
		{A5679DED-7EA7-423C-990D-DC8258FB853E}.Debug|Any CPU.Build.0 = Debug|Any CPU
		{A5679DED-7EA7-423C-990D-DC8258FB853E}.Release|Any CPU.ActiveCfg = Release|Any CPU
		{A5679DED-7EA7-423C-990D-DC8258FB853E}.Release|Any CPU.Build.0 = Release|Any CPU
		{5D4D66BD-B729-4069-AD1D-B162AE738B7F}.Debug|Any CPU.ActiveCfg = Debug|Any CPU
		{5D4D66BD-B729-4069-AD1D-B162AE738B7F}.Debug|Any CPU.Build.0 = Debug|Any CPU
		{5D4D66BD-B729-4069-AD1D-B162AE738B7F}.Release|Any CPU.ActiveCfg = Release|Any CPU
		{5D4D66BD-B729-4069-AD1D-B162AE738B7F}.Release|Any CPU.Build.0 = Release|Any CPU
		{AB42A85D-E372-451B-8C0D-42AFCFF651CF}.Debug|Any CPU.ActiveCfg = Debug|Any CPU
		{AB42A85D-E372-451B-8C0D-42AFCFF651CF}.Debug|Any CPU.Build.0 = Debug|Any CPU
		{AB42A85D-E372-451B-8C0D-42AFCFF651CF}.Release|Any CPU.ActiveCfg = Release|Any CPU
		{AB42A85D-E372-451B-8C0D-42AFCFF651CF}.Release|Any CPU.Build.0 = Release|Any CPU
	EndGlobalSection
	GlobalSection(SolutionProperties) = preSolution
		HideSolutionNode = FALSE
	EndGlobalSection
	GlobalSection(ExtensibilityGlobals) = postSolution
		SolutionGuid = {D108E713-ED2E-4646-A98E-2DC61221EF3B}
	EndGlobalSection
EndGlobal
